
Microsoft Visual Studio Solution File, Format Version 12.00
# Visual Studio Version 17
VisualStudioVersion = 17.0.31903.59
MinimumVisualStudioVersion = 10.0.40219.1
Project("{2150E333-8FDC-42A3-9474-1A3956D46DE8}") = "src", "src", "{6793D187-BB74-4C2E-A717-61117305BD93}"
EndProject
Project("{FAE04EC0-301F-11D3-BF4B-00C04F79EFBC}") = "Demo.Api", "src\Demo.Api\Demo.Api.csproj", "{91F63475-2F1A-455D-8C49-F87FC0C5C39B}"
EndProject
Project("{2150E333-8FDC-42A3-9474-1A3956D46DE8}") = "tests", "tests", "{515120F6-5743-4EED-A333-2DE52C522660}"
EndProject
Project("{FAE04EC0-301F-11D3-BF4B-00C04F79EFBC}") = "Demo.Api.Tests", "tests\Demo.Api.Tests\Demo.Api.Tests.csproj", "{BBF4ABFE-0A96-4C5D-81DE-D23A9A9A3AAE}"
EndProject
Global
	GlobalSection(SolutionConfigurationPlatforms) = preSolution
		Debug|Any CPU = Debug|Any CPU
		Release|Any CPU = Release|Any CPU
	EndGlobalSection
	GlobalSection(SolutionProperties) = preSolution
		HideSolutionNode = FALSE
	EndGlobalSection
	GlobalSection(ProjectConfigurationPlatforms) = postSolution
		{91F63475-2F1A-455D-8C49-F87FC0C5C39B}.Debug|Any CPU.ActiveCfg = Debug|Any CPU
		{91F63475-2F1A-455D-8C49-F87FC0C5C39B}.Debug|Any CPU.Build.0 = Debug|Any CPU
		{91F63475-2F1A-455D-8C49-F87FC0C5C39B}.Release|Any CPU.ActiveCfg = Release|Any CPU
		{91F63475-2F1A-455D-8C49-F87FC0C5C39B}.Release|Any CPU.Build.0 = Release|Any CPU
		{BBF4ABFE-0A96-4C5D-81DE-D23A9A9A3AAE}.Debug|Any CPU.ActiveCfg = Debug|Any CPU
		{BBF4ABFE-0A96-4C5D-81DE-D23A9A9A3AAE}.Debug|Any CPU.Build.0 = Debug|Any CPU
		{BBF4ABFE-0A96-4C5D-81DE-D23A9A9A3AAE}.Release|Any CPU.ActiveCfg = Release|Any CPU
		{BBF4ABFE-0A96-4C5D-81DE-D23A9A9A3AAE}.Release|Any CPU.Build.0 = Release|Any CPU
	EndGlobalSection
	GlobalSection(NestedProjects) = preSolution
		{91F63475-2F1A-455D-8C49-F87FC0C5C39B} = {6793D187-BB74-4C2E-A717-61117305BD93}
		{BBF4ABFE-0A96-4C5D-81DE-D23A9A9A3AAE} = {515120F6-5743-4EED-A333-2DE52C522660}
	EndGlobalSection
EndGlobal
